// !$*UTF8*$!
{
	archiveVersion = 1;
	classes = {
	};
	objectVersion = 46;
	objects = {

/* Begin PBXBuildFile section */
		F1F4BBE1191D049000F0A3E2 /* Foundation.framework in Frameworks */ = {isa = PBXBuildFile; fileRef = F1F4BBE0191D049000F0A3E2 /* Foundation.framework */; };
		F1F4BBE3191D049000F0A3E2 /* CoreGraphics.framework in Frameworks */ = {isa = PBXBuildFile; fileRef = F1F4BBE2191D049000F0A3E2 /* CoreGraphics.framework */; };
		F1F4BBE5191D049000F0A3E2 /* UIKit.framework in Frameworks */ = {isa = PBXBuildFile; fileRef = F1F4BBE4191D049000F0A3E2 /* UIKit.framework */; };
		F1F4BBEB191D049000F0A3E2 /* InfoPlist.strings in Resources */ = {isa = PBXBuildFile; fileRef = F1F4BBE9191D049000F0A3E2 /* InfoPlist.strings */; };
		F1F4BBED191D049100F0A3E2 /* main.m in Sources */ = {isa = PBXBuildFile; fileRef = F1F4BBEC191D049100F0A3E2 /* main.m */; };
		F1F4BBF1191D049100F0A3E2 /* haAppDelegate.m in Sources */ = {isa = PBXBuildFile; fileRef = F1F4BBF0191D049100F0A3E2 /* haAppDelegate.m */; };
		F1F4BBF4191D049100F0A3E2 /* Main.storyboard in Resources */ = {isa = PBXBuildFile; fileRef = F1F4BBF2191D049100F0A3E2 /* Main.storyboard */; };
		F1F4BBF7191D049100F0A3E2 /* haViewController.m in Sources */ = {isa = PBXBuildFile; fileRef = F1F4BBF6191D049100F0A3E2 /* haViewController.m */; };
		F1F4BBF9191D049100F0A3E2 /* Images.xcassets in Resources */ = {isa = PBXBuildFile; fileRef = F1F4BBF8191D049100F0A3E2 /* Images.xcassets */; };
		F1F4BC00191D049100F0A3E2 /* XCTest.framework in Frameworks */ = {isa = PBXBuildFile; fileRef = F1F4BBFF191D049100F0A3E2 /* XCTest.framework */; };
		F1F4BC01191D049100F0A3E2 /* Foundation.framework in Frameworks */ = {isa = PBXBuildFile; fileRef = F1F4BBE0191D049000F0A3E2 /* Foundation.framework */; };
		F1F4BC02191D049100F0A3E2 /* UIKit.framework in Frameworks */ = {isa = PBXBuildFile; fileRef = F1F4BBE4191D049000F0A3E2 /* UIKit.framework */; };
		F1F4BC0A191D049100F0A3E2 /* InfoPlist.strings in Resources */ = {isa = PBXBuildFile; fileRef = F1F4BC08191D049100F0A3E2 /* InfoPlist.strings */; };
		F1F4BC0C191D049100F0A3E2 /* hahaTests.m in Sources */ = {isa = PBXBuildFile; fileRef = F1F4BC0B191D049100F0A3E2 /* hahaTests.m */; };
		F1F4BC19191D0D5500F0A3E2 /* haImageView.m in Sources */ = {isa = PBXBuildFile; fileRef = F1F4BC18191D0D5500F0A3E2 /* haImageView.m */; };
/* End PBXBuildFile section */

/* Begin PBXContainerItemProxy section */
		F1F4BC03191D049100F0A3E2 /* PBXContainerItemProxy */ = {
			isa = PBXContainerItemProxy;
			containerPortal = F1F4BBD5191D049000F0A3E2 /* Project object */;
			proxyType = 1;
			remoteGlobalIDString = F1F4BBDC191D049000F0A3E2;
			remoteInfo = haha;
		};
/* End PBXContainerItemProxy section */

/* Begin PBXFileReference section */
		F1F4BBDD191D049000F0A3E2 /* haha.app */ = {isa = PBXFileReference; explicitFileType = wrapper.application; includeInIndex = 0; path = haha.app; sourceTree = BUILT_PRODUCTS_DIR; };
		F1F4BBE0191D049000F0A3E2 /* Foundation.framework */ = {isa = PBXFileReference; lastKnownFileType = wrapper.framework; name = Foundation.framework; path = System/Library/Frameworks/Foundation.framework; sourceTree = SDKROOT; };
		F1F4BBE2191D049000F0A3E2 /* CoreGraphics.framework */ = {isa = PBXFileReference; lastKnownFileType = wrapper.framework; name = CoreGraphics.framework; path = System/Library/Frameworks/CoreGraphics.framework; sourceTree = SDKROOT; };
		F1F4BBE4191D049000F0A3E2 /* UIKit.framework */ = {isa = PBXFileReference; lastKnownFileType = wrapper.framework; name = UIKit.framework; path = System/Library/Frameworks/UIKit.framework; sourceTree = SDKROOT; };
		F1F4BBE8191D049000F0A3E2 /* haha-Info.plist */ = {isa = PBXFileReference; lastKnownFileType = text.plist.xml; path = "haha-Info.plist"; sourceTree = "<group>"; };
		F1F4BBEA191D049000F0A3E2 /* en */ = {isa = PBXFileReference; lastKnownFileType = text.plist.strings; name = en; path = en.lproj/InfoPlist.strings; sourceTree = "<group>"; };
		F1F4BBEC191D049100F0A3E2 /* main.m */ = {isa = PBXFileReference; lastKnownFileType = sourcecode.c.objc; path = main.m; sourceTree = "<group>"; };
		F1F4BBEE191D049100F0A3E2 /* haha-Prefix.pch */ = {isa = PBXFileReference; lastKnownFileType = sourcecode.c.h; path = "haha-Prefix.pch"; sourceTree = "<group>"; };
		F1F4BBEF191D049100F0A3E2 /* haAppDelegate.h */ = {isa = PBXFileReference; lastKnownFileType = sourcecode.c.h; path = haAppDelegate.h; sourceTree = "<group>"; };
		F1F4BBF0191D049100F0A3E2 /* haAppDelegate.m */ = {isa = PBXFileReference; lastKnownFileType = sourcecode.c.objc; path = haAppDelegate.m; sourceTree = "<group>"; };
		F1F4BBF3191D049100F0A3E2 /* Base */ = {isa = PBXFileReference; lastKnownFileType = file.storyboard; name = Base; path = Base.lproj/Main.storyboard; sourceTree = "<group>"; };
		F1F4BBF5191D049100F0A3E2 /* haViewController.h */ = {isa = PBXFileReference; lastKnownFileType = sourcecode.c.h; path = haViewController.h; sourceTree = "<group>"; };
		F1F4BBF6191D049100F0A3E2 /* haViewController.m */ = {isa = PBXFileReference; lastKnownFileType = sourcecode.c.objc; path = haViewController.m; sourceTree = "<group>"; };
		F1F4BBF8191D049100F0A3E2 /* Images.xcassets */ = {isa = PBXFileReference; lastKnownFileType = folder.assetcatalog; path = Images.xcassets; sourceTree = "<group>"; };
		F1F4BBFE191D049100F0A3E2 /* hahaTests.xctest */ = {isa = PBXFileReference; explicitFileType = wrapper.cfbundle; includeInIndex = 0; path = hahaTests.xctest; sourceTree = BUILT_PRODUCTS_DIR; };
		F1F4BBFF191D049100F0A3E2 /* XCTest.framework */ = {isa = PBXFileReference; lastKnownFileType = wrapper.framework; name = XCTest.framework; path = Library/Frameworks/XCTest.framework; sourceTree = DEVELOPER_DIR; };
		F1F4BC07191D049100F0A3E2 /* hahaTests-Info.plist */ = {isa = PBXFileReference; lastKnownFileType = text.plist.xml; path = "hahaTests-Info.plist"; sourceTree = "<group>"; };
		F1F4BC09191D049100F0A3E2 /* en */ = {isa = PBXFileReference; lastKnownFileType = text.plist.strings; name = en; path = en.lproj/InfoPlist.strings; sourceTree = "<group>"; };
		F1F4BC0B191D049100F0A3E2 /* hahaTests.m */ = {isa = PBXFileReference; lastKnownFileType = sourcecode.c.objc; path = hahaTests.m; sourceTree = "<group>"; };
		F1F4BC17191D0D5500F0A3E2 /* haImageView.h */ = {isa = PBXFileReference; fileEncoding = 4; lastKnownFileType = sourcecode.c.h; path = haImageView.h; sourceTree = "<group>"; };
		F1F4BC18191D0D5500F0A3E2 /* haImageView.m */ = {isa = PBXFileReference; fileEncoding = 4; lastKnownFileType = sourcecode.c.objc; path = haImageView.m; sourceTree = "<group>"; };
/* End PBXFileReference section */

/* Begin PBXFrameworksBuildPhase section */
		F1F4BBDA191D049000F0A3E2 /* Frameworks */ = {
			isa = PBXFrameworksBuildPhase;
			buildActionMask = 2147483647;
			files = (
				F1F4BBE3191D049000F0A3E2 /* CoreGraphics.framework in Frameworks */,
				F1F4BBE5191D049000F0A3E2 /* UIKit.framework in Frameworks */,
				F1F4BBE1191D049000F0A3E2 /* Foundation.framework in Frameworks */,
			);
			runOnlyForDeploymentPostprocessing = 0;
		};
		F1F4BBFB191D049100F0A3E2 /* Frameworks */ = {
			isa = PBXFrameworksBuildPhase;
			buildActionMask = 2147483647;
			files = (
				F1F4BC00191D049100F0A3E2 /* XCTest.framework in Frameworks */,
				F1F4BC02191D049100F0A3E2 /* UIKit.framework in Frameworks */,
				F1F4BC01191D049100F0A3E2 /* Foundation.framework in Frameworks */,
			);
			runOnlyForDeploymentPostprocessing = 0;
		};
/* End PBXFrameworksBuildPhase section */

/* Begin PBXGroup section */
		F1F4BBD4191D049000F0A3E2 = {
			isa = PBXGroup;
			children = (
				F1F4BBE6191D049000F0A3E2 /* haha */,
				F1F4BC05191D049100F0A3E2 /* hahaTests */,
				F1F4BBDF191D049000F0A3E2 /* Frameworks */,
				F1F4BBDE191D049000F0A3E2 /* Products */,
			);
			sourceTree = "<group>";
		};
		F1F4BBDE191D049000F0A3E2 /* Products */ = {
			isa = PBXGroup;
			children = (
				F1F4BBDD191D049000F0A3E2 /* haha.app */,
				F1F4BBFE191D049100F0A3E2 /* hahaTests.xctest */,
			);
			name = Products;
			sourceTree = "<group>";
		};
		F1F4BBDF191D049000F0A3E2 /* Frameworks */ = {
			isa = PBXGroup;
			children = (
				F1F4BBE0191D049000F0A3E2 /* Foundation.framework */,
				F1F4BBE2191D049000F0A3E2 /* CoreGraphics.framework */,
				F1F4BBE4191D049000F0A3E2 /* UIKit.framework */,
				F1F4BBFF191D049100F0A3E2 /* XCTest.framework */,
			);
			name = Frameworks;
			sourceTree = "<group>";
		};
		F1F4BBE6191D049000F0A3E2 /* haha */ = {
			isa = PBXGroup;
			children = (
				F1F4BBF2191D049100F0A3E2 /* Main.storyboard */,
				F1F4BBF5191D049100F0A3E2 /* haViewController.h */,
				F1F4BBF6191D049100F0A3E2 /* haViewController.m */,
				F1F4BC17191D0D5500F0A3E2 /* haImageView.h */,
				F1F4BC18191D0D5500F0A3E2 /* haImageView.m */,
				F1F4BBF8191D049100F0A3E2 /* Images.xcassets */,
				F1F4BBE7191D049000F0A3E2 /* Supporting Files */,
			);
			path = haha;
			sourceTree = "<group>";
		};
		F1F4BBE7191D049000F0A3E2 /* Supporting Files */ = {
			isa = PBXGroup;
			children = (
				F1F4BBEF191D049100F0A3E2 /* haAppDelegate.h */,
				F1F4BBF0191D049100F0A3E2 /* haAppDelegate.m */,
				F1F4BBE8191D049000F0A3E2 /* haha-Info.plist */,
				F1F4BBE9191D049000F0A3E2 /* InfoPlist.strings */,
				F1F4BBEC191D049100F0A3E2 /* main.m */,
				F1F4BBEE191D049100F0A3E2 /* haha-Prefix.pch */,
			);
			name = "Supporting Files";
			sourceTree = "<group>";
		};
		F1F4BC05191D049100F0A3E2 /* hahaTests */ = {
			isa = PBXGroup;
			children = (
				F1F4BC0B191D049100F0A3E2 /* hahaTests.m */,
				F1F4BC06191D049100F0A3E2 /* Supporting Files */,
			);
			path = hahaTests;
			sourceTree = "<group>";
		};
		F1F4BC06191D049100F0A3E2 /* Supporting Files */ = {
			isa = PBXGroup;
			children = (
				F1F4BC07191D049100F0A3E2 /* hahaTests-Info.plist */,
				F1F4BC08191D049100F0A3E2 /* InfoPlist.strings */,
			);
			name = "Supporting Files";
			sourceTree = "<group>";
		};
/* End PBXGroup section */

/* Begin PBXNativeTarget section */
		F1F4BBDC191D049000F0A3E2 /* haha */ = {
			isa = PBXNativeTarget;
			buildConfigurationList = F1F4BC0F191D049100F0A3E2 /* Build configuration list for PBXNativeTarget "haha" */;
			buildPhases = (
				F1F4BBD9191D049000F0A3E2 /* Sources */,
				F1F4BBDA191D049000F0A3E2 /* Frameworks */,
				F1F4BBDB191D049000F0A3E2 /* Resources */,
			);
			buildRules = (
			);
			dependencies = (
			);
			name = haha;
			productName = haha;
			productReference = F1F4BBDD191D049000F0A3E2 /* haha.app */;
			productType = "com.apple.product-type.application";
		};
		F1F4BBFD191D049100F0A3E2 /* hahaTests */ = {
			isa = PBXNativeTarget;
			buildConfigurationList = F1F4BC12191D049100F0A3E2 /* Build configuration list for PBXNativeTarget "hahaTests" */;
			buildPhases = (
				F1F4BBFA191D049100F0A3E2 /* Sources */,
				F1F4BBFB191D049100F0A3E2 /* Frameworks */,
				F1F4BBFC191D049100F0A3E2 /* Resources */,
			);
			buildRules = (
			);
			dependencies = (
				F1F4BC04191D049100F0A3E2 /* PBXTargetDependency */,
			);
			name = hahaTests;
			productName = hahaTests;
			productReference = F1F4BBFE191D049100F0A3E2 /* hahaTests.xctest */;
			productType = "com.apple.product-type.bundle.unit-test";
		};
/* End PBXNativeTarget section */

/* Begin PBXProject section */
		F1F4BBD5191D049000F0A3E2 /* Project object */ = {
			isa = PBXProject;
			attributes = {
				CLASSPREFIX = ha;
				LastUpgradeCheck = 0510;
				ORGANIZATIONNAME = merck;
				TargetAttributes = {
					F1F4BBFD191D049100F0A3E2 = {
						TestTargetID = F1F4BBDC191D049000F0A3E2;
					};
				};
			};
			buildConfigurationList = F1F4BBD8191D049000F0A3E2 /* Build configuration list for PBXProject "haha" */;
			compatibilityVersion = "Xcode 3.2";
			developmentRegion = English;
			hasScannedForEncodings = 0;
			knownRegions = (
				en,
				Base,
			);
			mainGroup = F1F4BBD4191D049000F0A3E2;
			productRefGroup = F1F4BBDE191D049000F0A3E2 /* Products */;
			projectDirPath = "";
			projectRoot = "";
			targets = (
				F1F4BBDC191D049000F0A3E2 /* haha */,
				F1F4BBFD191D049100F0A3E2 /* hahaTests */,
			);
		};
/* End PBXProject section */

/* Begin PBXResourcesBuildPhase section */
		F1F4BBDB191D049000F0A3E2 /* Resources */ = {
			isa = PBXResourcesBuildPhase;
			buildActionMask = 2147483647;
			files = (
				F1F4BBF9191D049100F0A3E2 /* Images.xcassets in Resources */,
				F1F4BBEB191D049000F0A3E2 /* InfoPlist.strings in Resources */,
				F1F4BBF4191D049100F0A3E2 /* Main.storyboard in Resources */,
			);
			runOnlyForDeploymentPostprocessing = 0;
		};
		F1F4BBFC191D049100F0A3E2 /* Resources */ = {
			isa = PBXResourcesBuildPhase;
			buildActionMask = 2147483647;
			files = (
				F1F4BC0A191D049100F0A3E2 /* InfoPlist.strings in Resources */,
			);
			runOnlyForDeploymentPostprocessing = 0;
		};
/* End PBXResourcesBuildPhase section */

/* Begin PBXSourcesBuildPhase section */
		F1F4BBD9191D049000F0A3E2 /* Sources */ = {
			isa = PBXSourcesBuildPhase;
			buildActionMask = 2147483647;
			files = (
				F1F4BBF7191D049100F0A3E2 /* haViewController.m in Sources */,
				F1F4BBED191D049100F0A3E2 /* main.m in Sources */,
				F1F4BBF1191D049100F0A3E2 /* haAppDelegate.m in Sources */,
				F1F4BC19191D0D5500F0A3E2 /* haImageView.m in Sources */,
			);
			runOnlyForDeploymentPostprocessing = 0;
		};
		F1F4BBFA191D049100F0A3E2 /* Sources */ = {
			isa = PBXSourcesBuildPhase;
			buildActionMask = 2147483647;
			files = (
				F1F4BC0C191D049100F0A3E2 /* hahaTests.m in Sources */,
			);
			runOnlyForDeploymentPostprocessing = 0;
		};
/* End PBXSourcesBuildPhase section */

/* Begin PBXTargetDependency section */
		F1F4BC04191D049100F0A3E2 /* PBXTargetDependency */ = {
			isa = PBXTargetDependency;
			target = F1F4BBDC191D049000F0A3E2 /* haha */;
			targetProxy = F1F4BC03191D049100F0A3E2 /* PBXContainerItemProxy */;
		};
/* End PBXTargetDependency section */

/* Begin PBXVariantGroup section */
		F1F4BBE9191D049000F0A3E2 /* InfoPlist.strings */ = {
			isa = PBXVariantGroup;
			children = (
				F1F4BBEA191D049000F0A3E2 /* en */,
			);
			name = InfoPlist.strings;
			sourceTree = "<group>";
		};
		F1F4BBF2191D049100F0A3E2 /* Main.storyboard */ = {
			isa = PBXVariantGroup;
			children = (
				F1F4BBF3191D049100F0A3E2 /* Base */,
			);
			name = Main.storyboard;
			sourceTree = "<group>";
		};
		F1F4BC08191D049100F0A3E2 /* InfoPlist.strings */ = {
			isa = PBXVariantGroup;
			children = (
				F1F4BC09191D049100F0A3E2 /* en */,
			);
			name = InfoPlist.strings;
			sourceTree = "<group>";
		};
/* End PBXVariantGroup section */

/* Begin XCBuildConfiguration section */
		F1F4BC0D191D049100F0A3E2 /* Debug */ = {
			isa = XCBuildConfiguration;
			buildSettings = {
				ALWAYS_SEARCH_USER_PATHS = NO;
				CLANG_CXX_LANGUAGE_STANDARD = "gnu++0x";
				CLANG_CXX_LIBRARY = "libc++";
				CLANG_ENABLE_MODULES = YES;
				CLANG_ENABLE_OBJC_ARC = YES;
				CLANG_WARN_BOOL_CONVERSION = YES;
				CLANG_WARN_CONSTANT_CONVERSION = YES;
				CLANG_WARN_DIRECT_OBJC_ISA_USAGE = YES_ERROR;
				CLANG_WARN_EMPTY_BODY = YES;
				CLANG_WARN_ENUM_CONVERSION = YES;
				CLANG_WARN_INT_CONVERSION = YES;
				CLANG_WARN_OBJC_ROOT_CLASS = YES_ERROR;
				CLANG_WARN__DUPLICATE_METHOD_MATCH = YES;
				"CODE_SIGN_IDENTITY[sdk=iphoneos*]" = "iPhone Developer";
				COPY_PHASE_STRIP = NO;
				GCC_C_LANGUAGE_STANDARD = gnu99;
				GCC_DYNAMIC_NO_PIC = NO;
				GCC_OPTIMIZATION_LEVEL = 0;
				GCC_PREPROCESSOR_DEFINITIONS = (
					"DEBUG=1",
					"$(inherited)",
				);
				GCC_SYMBOLS_PRIVATE_EXTERN = NO;
				GCC_WARN_64_TO_32_BIT_CONVERSION = YES;
				GCC_WARN_ABOUT_RETURN_TYPE = YES_ERROR;
				GCC_WARN_UNDECLARED_SELECTOR = YES;
				GCC_WARN_UNINITIALIZED_AUTOS = YES_AGGRESSIVE;
				GCC_WARN_UNUSED_FUNCTION = YES;
				GCC_WARN_UNUSED_VARIABLE = YES;
				IPHONEOS_DEPLOYMENT_TARGET = 7.1;
				ONLY_ACTIVE_ARCH = YES;
				SDKROOT = iphoneos;
			};
			name = Debug;
		};
		F1F4BC0E191D049100F0A3E2 /* Release */ = {
			isa = XCBuildConfiguration;
			buildSettings = {
				ALWAYS_SEARCH_USER_PATHS = NO;
				CLANG_CXX_LANGUAGE_STANDARD = "gnu++0x";
				CLANG_CXX_LIBRARY = "libc++";
				CLANG_ENABLE_MODULES = YES;
				CLANG_ENABLE_OBJC_ARC = YES;
				CLANG_WARN_BOOL_CONVERSION = YES;
				CLANG_WARN_CONSTANT_CONVERSION = YES;
				CLANG_WARN_DIRECT_OBJC_ISA_USAGE = YES_ERROR;
				CLANG_WARN_EMPTY_BODY = YES;
				CLANG_WARN_ENUM_CONVERSION = YES;
				CLANG_WARN_INT_CONVERSION = YES;
				CLANG_WARN_OBJC_ROOT_CLASS = YES_ERROR;
				CLANG_WARN__DUPLICATE_METHOD_MATCH = YES;
				"CODE_SIGN_IDENTITY[sdk=iphoneos*]" = "iPhone Developer";
				COPY_PHASE_STRIP = YES;
				ENABLE_NS_ASSERTIONS = NO;
				GCC_C_LANGUAGE_STANDARD = gnu99;
				GCC_WARN_64_TO_32_BIT_CONVERSION = YES;
				GCC_WARN_ABOUT_RETURN_TYPE = YES_ERROR;
				GCC_WARN_UNDECLARED_SELECTOR = YES;
				GCC_WARN_UNINITIALIZED_AUTOS = YES_AGGRESSIVE;
				GCC_WARN_UNUSED_FUNCTION = YES;
				GCC_WARN_UNUSED_VARIABLE = YES;
				IPHONEOS_DEPLOYMENT_TARGET = 7.1;
				SDKROOT = iphoneos;
				VALIDATE_PRODUCT = YES;
			};
			name = Release;
		};
		F1F4BC10191D049100F0A3E2 /* Debug */ = {
			isa = XCBuildConfiguration;
			buildSettings = {
				ASSETCATALOG_COMPILER_APPICON_NAME = AppIcon;
				ASSETCATALOG_COMPILER_LAUNCHIMAGE_NAME = LaunchImage;
				GCC_PRECOMPILE_PREFIX_HEADER = YES;
				GCC_PREFIX_HEADER = "haha/haha-Prefix.pch";
				INFOPLIST_FILE = "haha/haha-Info.plist";
				PRODUCT_NAME = "$(TARGET_NAME)";
				WRAPPER_EXTENSION = app;
			};
			name = Debug;
		};
		F1F4BC11191D049100F0A3E2 /* Release */ = {
			isa = XCBuildConfiguration;
			buildSettings = {
				ASSETCATALOG_COMPILER_APPICON_NAME = AppIcon;
				ASSETCATALOG_COMPILER_LAUNCHIMAGE_NAME = LaunchImage;
				GCC_PRECOMPILE_PREFIX_HEADER = YES;
				GCC_PREFIX_HEADER = "haha/haha-Prefix.pch";
				INFOPLIST_FILE = "haha/haha-Info.plist";
				PRODUCT_NAME = "$(TARGET_NAME)";
				WRAPPER_EXTENSION = app;
			};
			name = Release;
		};
		F1F4BC13191D049100F0A3E2 /* Debug */ = {
			isa = XCBuildConfiguration;
			buildSettings = {
				BUNDLE_LOADER = "$(BUILT_PRODUCTS_DIR)/haha.app/haha";
				FRAMEWORK_SEARCH_PATHS = (
					"$(SDKROOT)/Developer/Library/Frameworks",
					"$(inherited)",
					"$(DEVELOPER_FRAMEWORKS_DIR)",
				);
				GCC_PRECOMPILE_PREFIX_HEADER = YES;
				GCC_PREFIX_HEADER = "haha/haha-Prefix.pch";
				GCC_PREPROCESSOR_DEFINITIONS = (
					"DEBUG=1",
					"$(inherited)",
				);
				INFOPLIST_FILE = "hahaTests/hahaTests-Info.plist";
				PRODUCT_NAME = "$(TARGET_NAME)";
				TEST_HOST = "$(BUNDLE_LOADER)";
				WRAPPER_EXTENSION = xctest;
			};
			name = Debug;
		};
		F1F4BC14191D049100F0A3E2 /* Release */ = {
			isa = XCBuildConfiguration;
			buildSettings = {
				BUNDLE_LOADER = "$(BUILT_PRODUCTS_DIR)/haha.app/haha";
				FRAMEWORK_SEARCH_PATHS = (
					"$(SDKROOT)/Developer/Library/Frameworks",
					"$(inherited)",
					"$(DEVELOPER_FRAMEWORKS_DIR)",
				);
				GCC_PRECOMPILE_PREFIX_HEADER = YES;
				GCC_PREFIX_HEADER = "haha/haha-Prefix.pch";
				INFOPLIST_FILE = "hahaTests/hahaTests-Info.plist";
				PRODUCT_NAME = "$(TARGET_NAME)";
				TEST_HOST = "$(BUNDLE_LOADER)";
				WRAPPER_EXTENSION = xctest;
			};
			name = Release;
		};
/* End XCBuildConfiguration section */

/* Begin XCConfigurationList section */
		F1F4BBD8191D049000F0A3E2 /* Build configuration list for PBXProject "haha" */ = {
			isa = XCConfigurationList;
			buildConfigurations = (
				F1F4BC0D191D049100F0A3E2 /* Debug */,
				F1F4BC0E191D049100F0A3E2 /* Release */,
			);
			defaultConfigurationIsVisible = 0;
			defaultConfigurationName = Release;
		};
		F1F4BC0F191D049100F0A3E2 /* Build configuration list for PBXNativeTarget "haha" */ = {
			isa = XCConfigurationList;
			buildConfigurations = (
				F1F4BC10191D049100F0A3E2 /* Debug */,
				F1F4BC11191D049100F0A3E2 /* Release */,
			);
			defaultConfigurationIsVisible = 0;
			defaultConfigurationName = Release;
		};
		F1F4BC12191D049100F0A3E2 /* Build configuration list for PBXNativeTarget "hahaTests" */ = {
			isa = XCConfigurationList;
			buildConfigurations = (
				F1F4BC13191D049100F0A3E2 /* Debug */,
				F1F4BC14191D049100F0A3E2 /* Release */,
			);
			defaultConfigurationIsVisible = 0;
			defaultConfigurationName = Release;
		};
/* End XCConfigurationList section */
	};
	rootObject = F1F4BBD5191D049000F0A3E2 /* Project object */;
}
